// !$*UTF8*$!
{
	archiveVersion = 1;
	classes = {
	};
	objectVersion = 46;
	objects = {

/* Begin PBXBuildFile section */
		BB5172981ECB3C3700E33547 /* AppDelegate.swift in Sources */ = {isa = PBXBuildFile; fileRef = BB5172971ECB3C3700E33547 /* AppDelegate.swift */; };
		BB51729A1ECB3C3700E33547 /* ViewController.swift in Sources */ = {isa = PBXBuildFile; fileRef = BB5172991ECB3C3700E33547 /* ViewController.swift */; };
		BB51729D1ECB3C3700E33547 /* Main.storyboard in Resources */ = {isa = PBXBuildFile; fileRef = BB51729B1ECB3C3700E33547 /* Main.storyboard */; };
		BB51729F1ECB3C3700E33547 /* Assets.xcassets in Resources */ = {isa = PBXBuildFile; fileRef = BB51729E1ECB3C3700E33547 /* Assets.xcassets */; };
		BB5172A21ECB3C3700E33547 /* LaunchScreen.storyboard in Resources */ = {isa = PBXBuildFile; fileRef = BB5172A01ECB3C3700E33547 /* LaunchScreen.storyboard */; };
		BB5172AD1ECB3C3700E33547 /* HelloWorldTests.swift in Sources */ = {isa = PBXBuildFile; fileRef = BB5172AC1ECB3C3700E33547 /* HelloWorldTests.swift */; };
		BB5172B81ECB3C3700E33547 /* HelloWorldUITests.swift in Sources */ = {isa = PBXBuildFile; fileRef = BB5172B71ECB3C3700E33547 /* HelloWorldUITests.swift */; };
/* End PBXBuildFile section */

/* Begin PBXContainerItemProxy section */
		BB5172A91ECB3C3700E33547 /* PBXContainerItemProxy */ = {
			isa = PBXContainerItemProxy;
			containerPortal = BB51728C1ECB3C3700E33547 /* Project object */;
			proxyType = 1;
			remoteGlobalIDString = BB5172931ECB3C3700E33547;
			remoteInfo = HelloWorld;
		};
		BB5172B41ECB3C3700E33547 /* PBXContainerItemProxy */ = {
			isa = PBXContainerItemProxy;
			containerPortal = BB51728C1ECB3C3700E33547 /* Project object */;
			proxyType = 1;
			remoteGlobalIDString = BB5172931ECB3C3700E33547;
			remoteInfo = HelloWorld;
		};
/* End PBXContainerItemProxy section */

/* Begin PBXFileReference section */
		BB5172941ECB3C3700E33547 /* HelloWorld.app */ = {isa = PBXFileReference; explicitFileType = wrapper.application; includeInIndex = 0; path = HelloWorld.app; sourceTree = BUILT_PRODUCTS_DIR; };
		BB5172971ECB3C3700E33547 /* AppDelegate.swift */ = {isa = PBXFileReference; lastKnownFileType = sourcecode.swift; path = AppDelegate.swift; sourceTree = "<group>"; };
		BB5172991ECB3C3700E33547 /* ViewController.swift */ = {isa = PBXFileReference; lastKnownFileType = sourcecode.swift; path = ViewController.swift; sourceTree = "<group>"; };
		BB51729C1ECB3C3700E33547 /* Base */ = {isa = PBXFileReference; lastKnownFileType = file.storyboard; name = Base; path = Base.lproj/Main.storyboard; sourceTree = "<group>"; };
		BB51729E1ECB3C3700E33547 /* Assets.xcassets */ = {isa = PBXFileReference; lastKnownFileType = folder.assetcatalog; path = Assets.xcassets; sourceTree = "<group>"; };
		BB5172A11ECB3C3700E33547 /* Base */ = {isa = PBXFileReference; lastKnownFileType = file.storyboard; name = Base; path = Base.lproj/LaunchScreen.storyboard; sourceTree = "<group>"; };
		BB5172A31ECB3C3700E33547 /* Info.plist */ = {isa = PBXFileReference; lastKnownFileType = text.plist.xml; path = Info.plist; sourceTree = "<group>"; };
		BB5172A81ECB3C3700E33547 /* HelloWorldTests.xctest */ = {isa = PBXFileReference; explicitFileType = wrapper.cfbundle; includeInIndex = 0; path = HelloWorldTests.xctest; sourceTree = BUILT_PRODUCTS_DIR; };
		BB5172AC1ECB3C3700E33547 /* HelloWorldTests.swift */ = {isa = PBXFileReference; lastKnownFileType = sourcecode.swift; path = HelloWorldTests.swift; sourceTree = "<group>"; };
		BB5172AE1ECB3C3700E33547 /* Info.plist */ = {isa = PBXFileReference; lastKnownFileType = text.plist.xml; path = Info.plist; sourceTree = "<group>"; };
		BB5172B31ECB3C3700E33547 /* HelloWorldUITests.xctest */ = {isa = PBXFileReference; explicitFileType = wrapper.cfbundle; includeInIndex = 0; path = HelloWorldUITests.xctest; sourceTree = BUILT_PRODUCTS_DIR; };
		BB5172B71ECB3C3700E33547 /* HelloWorldUITests.swift */ = {isa = PBXFileReference; lastKnownFileType = sourcecode.swift; path = HelloWorldUITests.swift; sourceTree = "<group>"; };
		BB5172B91ECB3C3700E33547 /* Info.plist */ = {isa = PBXFileReference; lastKnownFileType = text.plist.xml; path = Info.plist; sourceTree = "<group>"; };
/* End PBXFileReference section */

/* Begin PBXFrameworksBuildPhase section */
		BB5172911ECB3C3700E33547 /* Frameworks */ = {
			isa = PBXFrameworksBuildPhase;
			buildActionMask = 2147483647;
			files = (
			);
			runOnlyForDeploymentPostprocessing = 0;
		};
		BB5172A51ECB3C3700E33547 /* Frameworks */ = {
			isa = PBXFrameworksBuildPhase;
			buildActionMask = 2147483647;
			files = (
			);
			runOnlyForDeploymentPostprocessing = 0;
		};
		BB5172B01ECB3C3700E33547 /* Frameworks */ = {
			isa = PBXFrameworksBuildPhase;
			buildActionMask = 2147483647;
			files = (
			);
			runOnlyForDeploymentPostprocessing = 0;
		};
/* End PBXFrameworksBuildPhase section */

/* Begin PBXGroup section */
		BB51728B1ECB3C3700E33547 = {
			isa = PBXGroup;
			children = (
				BB5172961ECB3C3700E33547 /* HelloWorld */,
				BB5172AB1ECB3C3700E33547 /* HelloWorldTests */,
				BB5172B61ECB3C3700E33547 /* HelloWorldUITests */,
				BB5172951ECB3C3700E33547 /* Products */,
			);
			sourceTree = "<group>";
		};
		BB5172951ECB3C3700E33547 /* Products */ = {
			isa = PBXGroup;
			children = (
				BB5172941ECB3C3700E33547 /* HelloWorld.app */,
				BB5172A81ECB3C3700E33547 /* HelloWorldTests.xctest */,
				BB5172B31ECB3C3700E33547 /* HelloWorldUITests.xctest */,
			);
			name = Products;
			sourceTree = "<group>";
		};
		BB5172961ECB3C3700E33547 /* HelloWorld */ = {
			isa = PBXGroup;
			children = (
				BB5172971ECB3C3700E33547 /* AppDelegate.swift */,
				BB5172991ECB3C3700E33547 /* ViewController.swift */,
				BB51729B1ECB3C3700E33547 /* Main.storyboard */,
				BB51729E1ECB3C3700E33547 /* Assets.xcassets */,
				BB5172A01ECB3C3700E33547 /* LaunchScreen.storyboard */,
				BB5172A31ECB3C3700E33547 /* Info.plist */,
			);
			path = HelloWorld;
			sourceTree = "<group>";
		};
		BB5172AB1ECB3C3700E33547 /* HelloWorldTests */ = {
			isa = PBXGroup;
			children = (
				BB5172AC1ECB3C3700E33547 /* HelloWorldTests.swift */,
				BB5172AE1ECB3C3700E33547 /* Info.plist */,
			);
			path = HelloWorldTests;
			sourceTree = "<group>";
		};
		BB5172B61ECB3C3700E33547 /* HelloWorldUITests */ = {
			isa = PBXGroup;
			children = (
				BB5172B71ECB3C3700E33547 /* HelloWorldUITests.swift */,
				BB5172B91ECB3C3700E33547 /* Info.plist */,
			);
			path = HelloWorldUITests;
			sourceTree = "<group>";
		};
/* End PBXGroup section */

/* Begin PBXNativeTarget section */
		BB5172931ECB3C3700E33547 /* HelloWorld */ = {
			isa = PBXNativeTarget;
			buildConfigurationList = BB5172BC1ECB3C3700E33547 /* Build configuration list for PBXNativeTarget "HelloWorld" */;
			buildPhases = (
				BB5172901ECB3C3700E33547 /* Sources */,
				BB5172911ECB3C3700E33547 /* Frameworks */,
				BB5172921ECB3C3700E33547 /* Resources */,
			);
			buildRules = (
			);
			dependencies = (
			);
			name = HelloWorld;
			productName = HelloWorld;
			productReference = BB5172941ECB3C3700E33547 /* HelloWorld.app */;
			productType = "com.apple.product-type.application";
		};
		BB5172A71ECB3C3700E33547 /* HelloWorldTests */ = {
			isa = PBXNativeTarget;
			buildConfigurationList = BB5172BF1ECB3C3700E33547 /* Build configuration list for PBXNativeTarget "HelloWorldTests" */;
			buildPhases = (
				BB5172A41ECB3C3700E33547 /* Sources */,
				BB5172A51ECB3C3700E33547 /* Frameworks */,
				BB5172A61ECB3C3700E33547 /* Resources */,
			);
			buildRules = (
			);
			dependencies = (
				BB5172AA1ECB3C3700E33547 /* PBXTargetDependency */,
			);
			name = HelloWorldTests;
			productName = HelloWorldTests;
			productReference = BB5172A81ECB3C3700E33547 /* HelloWorldTests.xctest */;
			productType = "com.apple.product-type.bundle.unit-test";
		};
		BB5172B21ECB3C3700E33547 /* HelloWorldUITests */ = {
			isa = PBXNativeTarget;
			buildConfigurationList = BB5172C21ECB3C3700E33547 /* Build configuration list for PBXNativeTarget "HelloWorldUITests" */;
			buildPhases = (
				BB5172AF1ECB3C3700E33547 /* Sources */,
				BB5172B01ECB3C3700E33547 /* Frameworks */,
				BB5172B11ECB3C3700E33547 /* Resources */,
			);
			buildRules = (
			);
			dependencies = (
				BB5172B51ECB3C3700E33547 /* PBXTargetDependency */,
			);
			name = HelloWorldUITests;
			productName = HelloWorldUITests;
			productReference = BB5172B31ECB3C3700E33547 /* HelloWorldUITests.xctest */;
			productType = "com.apple.product-type.bundle.ui-testing";
		};
/* End PBXNativeTarget section */

/* Begin PBXProject section */
		BB51728C1ECB3C3700E33547 /* Project object */ = {
			isa = PBXProject;
			attributes = {
				LastSwiftUpdateCheck = 0830;
				LastUpgradeCheck = 0830;
				ORGANIZATIONNAME = "James Bonnett";
				TargetAttributes = {
					BB5172931ECB3C3700E33547 = {
						CreatedOnToolsVersion = 8.3.2;
						DevelopmentTeam = BUJWHE7PHV;
						ProvisioningStyle = Automatic;
					};
					BB5172A71ECB3C3700E33547 = {
						CreatedOnToolsVersion = 8.3.2;
						DevelopmentTeam = BUJWHE7PHV;
						ProvisioningStyle = Automatic;
						TestTargetID = BB5172931ECB3C3700E33547;
					};
					BB5172B21ECB3C3700E33547 = {
						CreatedOnToolsVersion = 8.3.2;
						DevelopmentTeam = BUJWHE7PHV;
						ProvisioningStyle = Automatic;
						TestTargetID = BB5172931ECB3C3700E33547;
					};
				};
			};
			buildConfigurationList = BB51728F1ECB3C3700E33547 /* Build configuration list for PBXProject "HelloWorld" */;
			compatibilityVersion = "Xcode 3.2";
			developmentRegion = English;
			hasScannedForEncodings = 0;
			knownRegions = (
				en,
				Base,
			);
			mainGroup = BB51728B1ECB3C3700E33547;
			productRefGroup = BB5172951ECB3C3700E33547 /* Products */;
			projectDirPath = "";
			projectRoot = "";
			targets = (
				BB5172931ECB3C3700E33547 /* HelloWorld */,
				BB5172A71ECB3C3700E33547 /* HelloWorldTests */,
				BB5172B21ECB3C3700E33547 /* HelloWorldUITests */,
			);
		};
/* End PBXProject section */

/* Begin PBXResourcesBuildPhase section */
		BB5172921ECB3C3700E33547 /* Resources */ = {
			isa = PBXResourcesBuildPhase;
			buildActionMask = 2147483647;
			files = (
				BB5172A21ECB3C3700E33547 /* LaunchScreen.storyboard in Resources */,
				BB51729F1ECB3C3700E33547 /* Assets.xcassets in Resources */,
				BB51729D1ECB3C3700E33547 /* Main.storyboard in Resources */,
			);
			runOnlyForDeploymentPostprocessing = 0;
		};
		BB5172A61ECB3C3700E33547 /* Resources */ = {
			isa = PBXResourcesBuildPhase;
			buildActionMask = 2147483647;
			files = (
			);
			runOnlyForDeploymentPostprocessing = 0;
		};
		BB5172B11ECB3C3700E33547 /* Resources */ = {
			isa = PBXResourcesBuildPhase;
			buildActionMask = 2147483647;
			files = (
			);
			runOnlyForDeploymentPostprocessing = 0;
		};
/* End PBXResourcesBuildPhase section */

/* Begin PBXSourcesBuildPhase section */
		BB5172901ECB3C3700E33547 /* Sources */ = {
			isa = PBXSourcesBuildPhase;
			buildActionMask = 2147483647;
			files = (
				BB51729A1ECB3C3700E33547 /* ViewController.swift in Sources */,
				BB5172981ECB3C3700E33547 /* AppDelegate.swift in Sources */,
			);
			runOnlyForDeploymentPostprocessing = 0;
		};
		BB5172A41ECB3C3700E33547 /* Sources */ = {
			isa = PBXSourcesBuildPhase;
			buildActionMask = 2147483647;
			files = (
				BB5172AD1ECB3C3700E33547 /* HelloWorldTests.swift in Sources */,
			);
			runOnlyForDeploymentPostprocessing = 0;
		};
		BB5172AF1ECB3C3700E33547 /* Sources */ = {
			isa = PBXSourcesBuildPhase;
			buildActionMask = 2147483647;
			files = (
				BB5172B81ECB3C3700E33547 /* HelloWorldUITests.swift in Sources */,
			);
			runOnlyForDeploymentPostprocessing = 0;
		};
/* End PBXSourcesBuildPhase section */

/* Begin PBXTargetDependency section */
		BB5172AA1ECB3C3700E33547 /* PBXTargetDependency */ = {
			isa = PBXTargetDependency;
			target = BB5172931ECB3C3700E33547 /* HelloWorld */;
			targetProxy = BB5172A91ECB3C3700E33547 /* PBXContainerItemProxy */;
		};
		BB5172B51ECB3C3700E33547 /* PBXTargetDependency */ = {
			isa = PBXTargetDependency;
			target = BB5172931ECB3C3700E33547 /* HelloWorld */;
			targetProxy = BB5172B41ECB3C3700E33547 /* PBXContainerItemProxy */;
		};
/* End PBXTargetDependency section */

/* Begin PBXVariantGroup section */
		BB51729B1ECB3C3700E33547 /* Main.storyboard */ = {
			isa = PBXVariantGroup;
			children = (
				BB51729C1ECB3C3700E33547 /* Base */,
			);
			name = Main.storyboard;
			sourceTree = "<group>";
		};
		BB5172A01ECB3C3700E33547 /* LaunchScreen.storyboard */ = {
			isa = PBXVariantGroup;
			children = (
				BB5172A11ECB3C3700E33547 /* Base */,
			);
			name = LaunchScreen.storyboard;
			sourceTree = "<group>";
		};
/* End PBXVariantGroup section */

/* Begin XCBuildConfiguration section */
		BB5172BA1ECB3C3700E33547 /* Debug */ = {
			isa = XCBuildConfiguration;
			buildSettings = {
				ALWAYS_SEARCH_USER_PATHS = NO;
				CLANG_ANALYZER_NONNULL = YES;
				CLANG_ANALYZER_NUMBER_OBJECT_CONVERSION = YES_AGGRESSIVE;
				CLANG_CXX_LANGUAGE_STANDARD = "gnu++0x";
				CLANG_CXX_LIBRARY = "libc++";
				CLANG_ENABLE_MODULES = YES;
				CLANG_ENABLE_OBJC_ARC = YES;
				CLANG_WARN_BOOL_CONVERSION = YES;
				CLANG_WARN_CONSTANT_CONVERSION = YES;
				CLANG_WARN_DIRECT_OBJC_ISA_USAGE = YES_ERROR;
				CLANG_WARN_DOCUMENTATION_COMMENTS = YES;
				CLANG_WARN_EMPTY_BODY = YES;
				CLANG_WARN_ENUM_CONVERSION = YES;
				CLANG_WARN_INFINITE_RECURSION = YES;
				CLANG_WARN_INT_CONVERSION = YES;
				CLANG_WARN_OBJC_ROOT_CLASS = YES_ERROR;
				CLANG_WARN_SUSPICIOUS_MOVE = YES;
				CLANG_WARN_UNREACHABLE_CODE = YES;
				CLANG_WARN__DUPLICATE_METHOD_MATCH = YES;
				"CODE_SIGN_IDENTITY[sdk=iphoneos*]" = "iPhone Developer";
				COPY_PHASE_STRIP = NO;
				DEBUG_INFORMATION_FORMAT = dwarf;
				ENABLE_STRICT_OBJC_MSGSEND = YES;
				ENABLE_TESTABILITY = YES;
				GCC_C_LANGUAGE_STANDARD = gnu99;
				GCC_DYNAMIC_NO_PIC = NO;
				GCC_NO_COMMON_BLOCKS = YES;
				GCC_OPTIMIZATION_LEVEL = 0;
				GCC_PREPROCESSOR_DEFINITIONS = (
					"DEBUG=1",
					"$(inherited)",
				);
				GCC_WARN_64_TO_32_BIT_CONVERSION = YES;
				GCC_WARN_ABOUT_RETURN_TYPE = YES_ERROR;
				GCC_WARN_UNDECLARED_SELECTOR = YES;
				GCC_WARN_UNINITIALIZED_AUTOS = YES_AGGRESSIVE;
				GCC_WARN_UNUSED_FUNCTION = YES;
				GCC_WARN_UNUSED_VARIABLE = YES;
				IPHONEOS_DEPLOYMENT_TARGET = 10.3;
				MTL_ENABLE_DEBUG_INFO = YES;
				ONLY_ACTIVE_ARCH = YES;
				SDKROOT = iphoneos;
				SWIFT_ACTIVE_COMPILATION_CONDITIONS = DEBUG;
				SWIFT_OPTIMIZATION_LEVEL = "-Onone";
				TARGETED_DEVICE_FAMILY = "1,2";
			};
			name = Debug;
		};
		BB5172BB1ECB3C3700E33547 /* Release */ = {
			isa = XCBuildConfiguration;
			buildSettings = {
				ALWAYS_SEARCH_USER_PATHS = NO;
				CLANG_ANALYZER_NONNULL = YES;
				CLANG_ANALYZER_NUMBER_OBJECT_CONVERSION = YES_AGGRESSIVE;
				CLANG_CXX_LANGUAGE_STANDARD = "gnu++0x";
				CLANG_CXX_LIBRARY = "libc++";
				CLANG_ENABLE_MODULES = YES;
				CLANG_ENABLE_OBJC_ARC = YES;
				CLANG_WARN_BOOL_CONVERSION = YES;
				CLANG_WARN_CONSTANT_CONVERSION = YES;
				CLANG_WARN_DIRECT_OBJC_ISA_USAGE = YES_ERROR;
				CLANG_WARN_DOCUMENTATION_COMMENTS = YES;
				CLANG_WARN_EMPTY_BODY = YES;
				CLANG_WARN_ENUM_CONVERSION = YES;
				CLANG_WARN_INFINITE_RECURSION = YES;
				CLANG_WARN_INT_CONVERSION = YES;
				CLANG_WARN_OBJC_ROOT_CLASS = YES_ERROR;
				CLANG_WARN_SUSPICIOUS_MOVE = YES;
				CLANG_WARN_UNREACHABLE_CODE = YES;
				CLANG_WARN__DUPLICATE_METHOD_MATCH = YES;
				"CODE_SIGN_IDENTITY[sdk=iphoneos*]" = "iPhone Developer";
				COPY_PHASE_STRIP = NO;
				DEBUG_INFORMATION_FORMAT = "dwarf-with-dsym";
				ENABLE_NS_ASSERTIONS = NO;
				ENABLE_STRICT_OBJC_MSGSEND = YES;
				GCC_C_LANGUAGE_STANDARD = gnu99;
				GCC_NO_COMMON_BLOCKS = YES;
				GCC_WARN_64_TO_32_BIT_CONVERSION = YES;
				GCC_WARN_ABOUT_RETURN_TYPE = YES_ERROR;
				GCC_WARN_UNDECLARED_SELECTOR = YES;
				GCC_WARN_UNINITIALIZED_AUTOS = YES_AGGRESSIVE;
				GCC_WARN_UNUSED_FUNCTION = YES;
				GCC_WARN_UNUSED_VARIABLE = YES;
				IPHONEOS_DEPLOYMENT_TARGET = 10.3;
				MTL_ENABLE_DEBUG_INFO = NO;
				SDKROOT = iphoneos;
				SWIFT_OPTIMIZATION_LEVEL = "-Owholemodule";
				TARGETED_DEVICE_FAMILY = "1,2";
				VALIDATE_PRODUCT = YES;
			};
			name = Release;
		};
		BB5172BD1ECB3C3700E33547 /* Debug */ = {
			isa = XCBuildConfiguration;
			buildSettings = {
				ASSETCATALOG_COMPILER_APPICON_NAME = AppIcon;
				DEVELOPMENT_TEAM = BUJWHE7PHV;
				INFOPLIST_FILE = HelloWorld/Info.plist;
				IPHONEOS_DEPLOYMENT_TARGET = 10.1;
				LD_RUNPATH_SEARCH_PATHS = "$(inherited) @executable_path/Frameworks";
				PRODUCT_BUNDLE_IDENTIFIER = example.HelloWorld;
				PRODUCT_NAME = "$(TARGET_NAME)";
				SWIFT_VERSION = 3.0;
			};
			name = Debug;
		};
		BB5172BE1ECB3C3700E33547 /* Release */ = {
			isa = XCBuildConfiguration;
			buildSettings = {
				ASSETCATALOG_COMPILER_APPICON_NAME = AppIcon;
				DEVELOPMENT_TEAM = BUJWHE7PHV;
				INFOPLIST_FILE = HelloWorld/Info.plist;
				IPHONEOS_DEPLOYMENT_TARGET = 10.1;
				LD_RUNPATH_SEARCH_PATHS = "$(inherited) @executable_path/Frameworks";
				PRODUCT_BUNDLE_IDENTIFIER = example.HelloWorld;
				PRODUCT_NAME = "$(TARGET_NAME)";
				SWIFT_VERSION = 3.0;
			};
			name = Release;
		};
		BB5172C01ECB3C3700E33547 /* Debug */ = {
			isa = XCBuildConfiguration;
			buildSettings = {
				ALWAYS_EMBED_SWIFT_STANDARD_LIBRARIES = YES;
				BUNDLE_LOADER = "$(TEST_HOST)";
				DEVELOPMENT_TEAM = BUJWHE7PHV;
				INFOPLIST_FILE = HelloWorldTests/Info.plist;
				LD_RUNPATH_SEARCH_PATHS = "$(inherited) @executable_path/Frameworks @loader_path/Frameworks";
				PRODUCT_BUNDLE_IDENTIFIER = example.HelloWorldTests;
				PRODUCT_NAME = "$(TARGET_NAME)";
				SWIFT_VERSION = 3.0;
				TEST_HOST = "$(BUILT_PRODUCTS_DIR)/HelloWorld.app/HelloWorld";
			};
			name = Debug;
		};
		BB5172C11ECB3C3700E33547 /* Release */ = {
			isa = XCBuildConfiguration;
			buildSettings = {
				ALWAYS_EMBED_SWIFT_STANDARD_LIBRARIES = YES;
				BUNDLE_LOADER = "$(TEST_HOST)";
				DEVELOPMENT_TEAM = BUJWHE7PHV;
				INFOPLIST_FILE = HelloWorldTests/Info.plist;
				LD_RUNPATH_SEARCH_PATHS = "$(inherited) @executable_path/Frameworks @loader_path/Frameworks";
				PRODUCT_BUNDLE_IDENTIFIER = example.HelloWorldTests;
				PRODUCT_NAME = "$(TARGET_NAME)";
				SWIFT_VERSION = 3.0;
				TEST_HOST = "$(BUILT_PRODUCTS_DIR)/HelloWorld.app/HelloWorld";
			};
			name = Release;
		};
		BB5172C31ECB3C3700E33547 /* Debug */ = {
			isa = XCBuildConfiguration;
			buildSettings = {
				ALWAYS_EMBED_SWIFT_STANDARD_LIBRARIES = YES;
				DEVELOPMENT_TEAM = BUJWHE7PHV;
				INFOPLIST_FILE = HelloWorldUITests/Info.plist;
				LD_RUNPATH_SEARCH_PATHS = "$(inherited) @executable_path/Frameworks @loader_path/Frameworks";
				PRODUCT_BUNDLE_IDENTIFIER = example.HelloWorldUITests;
				PRODUCT_NAME = "$(TARGET_NAME)";
				SWIFT_VERSION = 3.0;
				TEST_TARGET_NAME = HelloWorld;
			};
			name = Debug;
		};
		BB5172C41ECB3C3700E33547 /* Release */ = {
			isa = XCBuildConfiguration;
			buildSettings = {
				ALWAYS_EMBED_SWIFT_STANDARD_LIBRARIES = YES;
				DEVELOPMENT_TEAM = BUJWHE7PHV;
				INFOPLIST_FILE = HelloWorldUITests/Info.plist;
				LD_RUNPATH_SEARCH_PATHS = "$(inherited) @executable_path/Frameworks @loader_path/Frameworks";
				PRODUCT_BUNDLE_IDENTIFIER = example.HelloWorldUITests;
				PRODUCT_NAME = "$(TARGET_NAME)";
				SWIFT_VERSION = 3.0;
				TEST_TARGET_NAME = HelloWorld;
			};
			name = Release;
		};
/* End XCBuildConfiguration section */

/* Begin XCConfigurationList section */
		BB51728F1ECB3C3700E33547 /* Build configuration list for PBXProject "HelloWorld" */ = {
			isa = XCConfigurationList;
			buildConfigurations = (
				BB5172BA1ECB3C3700E33547 /* Debug */,
				BB5172BB1ECB3C3700E33547 /* Release */,
			);
			defaultConfigurationIsVisible = 0;
			defaultConfigurationName = Release;
		};
		BB5172BC1ECB3C3700E33547 /* Build configuration list for PBXNativeTarget "HelloWorld" */ = {
			isa = XCConfigurationList;
			buildConfigurations = (
				BB5172BD1ECB3C3700E33547 /* Debug */,
				BB5172BE1ECB3C3700E33547 /* Release */,
			);
			defaultConfigurationIsVisible = 0;
		};
		BB5172BF1ECB3C3700E33547 /* Build configuration list for PBXNativeTarget "HelloWorldTests" */ = {
			isa = XCConfigurationList;
			buildConfigurations = (
				BB5172C01ECB3C3700E33547 /* Debug */,
				BB5172C11ECB3C3700E33547 /* Release */,
			);
			defaultConfigurationIsVisible = 0;
		};
		BB5172C21ECB3C3700E33547 /* Build configuration list for PBXNativeTarget "HelloWorldUITests" */ = {
			isa = XCConfigurationList;
			buildConfigurations = (
				BB5172C31ECB3C3700E33547 /* Debug */,
				BB5172C41ECB3C3700E33547 /* Release */,
			);
			defaultConfigurationIsVisible = 0;
		};
/* End XCConfigurationList section */
	};
	rootObject = BB51728C1ECB3C3700E33547 /* Project object */;
}
